
Microsoft Visual Studio Solution File, Format Version 12.00
# Visual Studio 14
VisualStudioVersion = 14.0.23107.0
MinimumVisualStudioVersion = 10.0.40219.1
Project("{CC5FD16D-436D-48AD-A40C-5A424C6E3E79}") = "WorkflowOnAzure", "WorkflowOnAzure\WorkflowOnAzure.ccproj", "{C8B7BDA6-8D85-488B-AEF5-9F22EBDD3E3E}"
EndProject
Project("{FAE04EC0-301F-11D3-BF4B-00C04F79EFBC}") = "WorkflowHost", "WorkflowHost\WorkflowHost.csproj", "{3AD53AC4-C34E-4A54-B535-0017E8999586}"
EndProject
Project("{FAE04EC0-301F-11D3-BF4B-00C04F79EFBC}") = "TestApplication", "TestApplication\TestApplication.csproj", "{2F5CE9FA-B2F4-454E-A1AC-A39359DC28CB}"
EndProject
Global
	GlobalSection(SolutionConfigurationPlatforms) = preSolution
		Debug|Any CPU = Debug|Any CPU
		Development|Any CPU = Development|Any CPU
		Int|Any CPU = Int|Any CPU
		Prep|Any CPU = Prep|Any CPU
		Prep2|Any CPU = Prep2|Any CPU
		Release|Any CPU = Release|Any CPU
		Test1|Any CPU = Test1|Any CPU
		Test2|Any CPU = Test2|Any CPU
		UAT|Any CPU = UAT|Any CPU
	EndGlobalSection
	GlobalSection(ProjectConfigurationPlatforms) = postSolution
		{C8B7BDA6-8D85-488B-AEF5-9F22EBDD3E3E}.Debug|Any CPU.ActiveCfg = Debug|Any CPU
		{C8B7BDA6-8D85-488B-AEF5-9F22EBDD3E3E}.Debug|Any CPU.Build.0 = Debug|Any CPU
		{C8B7BDA6-8D85-488B-AEF5-9F22EBDD3E3E}.Development|Any CPU.ActiveCfg = Debug|Any CPU
		{C8B7BDA6-8D85-488B-AEF5-9F22EBDD3E3E}.Development|Any CPU.Build.0 = Debug|Any CPU
		{C8B7BDA6-8D85-488B-AEF5-9F22EBDD3E3E}.Int|Any CPU.ActiveCfg = Release|Any CPU
		{C8B7BDA6-8D85-488B-AEF5-9F22EBDD3E3E}.Int|Any CPU.Build.0 = Release|Any CPU
		{C8B7BDA6-8D85-488B-AEF5-9F22EBDD3E3E}.Prep|Any CPU.ActiveCfg = Release|Any CPU
		{C8B7BDA6-8D85-488B-AEF5-9F22EBDD3E3E}.Prep|Any CPU.Build.0 = Release|Any CPU
		{C8B7BDA6-8D85-488B-AEF5-9F22EBDD3E3E}.Prep2|Any CPU.ActiveCfg = Release|Any CPU
		{C8B7BDA6-8D85-488B-AEF5-9F22EBDD3E3E}.Prep2|Any CPU.Build.0 = Release|Any CPU
		{C8B7BDA6-8D85-488B-AEF5-9F22EBDD3E3E}.Release|Any CPU.ActiveCfg = Release|Any CPU
		{C8B7BDA6-8D85-488B-AEF5-9F22EBDD3E3E}.Release|Any CPU.Build.0 = Release|Any CPU
		{C8B7BDA6-8D85-488B-AEF5-9F22EBDD3E3E}.Test1|Any CPU.ActiveCfg = Release|Any CPU
		{C8B7BDA6-8D85-488B-AEF5-9F22EBDD3E3E}.Test1|Any CPU.Build.0 = Release|Any CPU
		{C8B7BDA6-8D85-488B-AEF5-9F22EBDD3E3E}.Test2|Any CPU.ActiveCfg = Release|Any CPU
		{C8B7BDA6-8D85-488B-AEF5-9F22EBDD3E3E}.Test2|Any CPU.Build.0 = Release|Any CPU
		{C8B7BDA6-8D85-488B-AEF5-9F22EBDD3E3E}.UAT|Any CPU.ActiveCfg = Release|Any CPU
		{C8B7BDA6-8D85-488B-AEF5-9F22EBDD3E3E}.UAT|Any CPU.Build.0 = Release|Any CPU
		{3AD53AC4-C34E-4A54-B535-0017E8999586}.Debug|Any CPU.ActiveCfg = Debug|Any CPU
		{3AD53AC4-C34E-4A54-B535-0017E8999586}.Debug|Any CPU.Build.0 = Debug|Any CPU
		{3AD53AC4-C34E-4A54-B535-0017E8999586}.Development|Any CPU.ActiveCfg = Debug|Any CPU
		{3AD53AC4-C34E-4A54-B535-0017E8999586}.Development|Any CPU.Build.0 = Debug|Any CPU
		{3AD53AC4-C34E-4A54-B535-0017E8999586}.Int|Any CPU.ActiveCfg = Release|Any CPU
		{3AD53AC4-C34E-4A54-B535-0017E8999586}.Int|Any CPU.Build.0 = Release|Any CPU
		{3AD53AC4-C34E-4A54-B535-0017E8999586}.Prep|Any CPU.ActiveCfg = Release|Any CPU
		{3AD53AC4-C34E-4A54-B535-0017E8999586}.Prep|Any CPU.Build.0 = Release|Any CPU
		{3AD53AC4-C34E-4A54-B535-0017E8999586}.Prep2|Any CPU.ActiveCfg = Release|Any CPU
		{3AD53AC4-C34E-4A54-B535-0017E8999586}.Prep2|Any CPU.Build.0 = Release|Any CPU
		{3AD53AC4-C34E-4A54-B535-0017E8999586}.Release|Any CPU.ActiveCfg = Release|Any CPU
		{3AD53AC4-C34E-4A54-B535-0017E8999586}.Release|Any CPU.Build.0 = Release|Any CPU
		{3AD53AC4-C34E-4A54-B535-0017E8999586}.Test1|Any CPU.ActiveCfg = Release|Any CPU
		{3AD53AC4-C34E-4A54-B535-0017E8999586}.Test1|Any CPU.Build.0 = Release|Any CPU
		{3AD53AC4-C34E-4A54-B535-0017E8999586}.Test2|Any CPU.ActiveCfg = Release|Any CPU
		{3AD53AC4-C34E-4A54-B535-0017E8999586}.Test2|Any CPU.Build.0 = Release|Any CPU
		{3AD53AC4-C34E-4A54-B535-0017E8999586}.UAT|Any CPU.ActiveCfg = Release|Any CPU
		{3AD53AC4-C34E-4A54-B535-0017E8999586}.UAT|Any CPU.Build.0 = Release|Any CPU
		{2F5CE9FA-B2F4-454E-A1AC-A39359DC28CB}.Debug|Any CPU.ActiveCfg = Debug|Any CPU
		{2F5CE9FA-B2F4-454E-A1AC-A39359DC28CB}.Debug|Any CPU.Build.0 = Debug|Any CPU
		{2F5CE9FA-B2F4-454E-A1AC-A39359DC28CB}.Development|Any CPU.ActiveCfg = Debug|Any CPU
		{2F5CE9FA-B2F4-454E-A1AC-A39359DC28CB}.Development|Any CPU.Build.0 = Debug|Any CPU
		{2F5CE9FA-B2F4-454E-A1AC-A39359DC28CB}.Int|Any CPU.ActiveCfg = Release|Any CPU
		{2F5CE9FA-B2F4-454E-A1AC-A39359DC28CB}.Int|Any CPU.Build.0 = Release|Any CPU
		{2F5CE9FA-B2F4-454E-A1AC-A39359DC28CB}.Prep|Any CPU.ActiveCfg = Release|Any CPU
		{2F5CE9FA-B2F4-454E-A1AC-A39359DC28CB}.Prep|Any CPU.Build.0 = Release|Any CPU
		{2F5CE9FA-B2F4-454E-A1AC-A39359DC28CB}.Prep2|Any CPU.ActiveCfg = Release|Any CPU
		{2F5CE9FA-B2F4-454E-A1AC-A39359DC28CB}.Prep2|Any CPU.Build.0 = Release|Any CPU
		{2F5CE9FA-B2F4-454E-A1AC-A39359DC28CB}.Release|Any CPU.ActiveCfg = Release|Any CPU
		{2F5CE9FA-B2F4-454E-A1AC-A39359DC28CB}.Release|Any CPU.Build.0 = Release|Any CPU
		{2F5CE9FA-B2F4-454E-A1AC-A39359DC28CB}.Test1|Any CPU.ActiveCfg = Release|Any CPU
		{2F5CE9FA-B2F4-454E-A1AC-A39359DC28CB}.Test1|Any CPU.Build.0 = Release|Any CPU
		{2F5CE9FA-B2F4-454E-A1AC-A39359DC28CB}.Test2|Any CPU.ActiveCfg = Release|Any CPU
		{2F5CE9FA-B2F4-454E-A1AC-A39359DC28CB}.Test2|Any CPU.Build.0 = Release|Any CPU
		{2F5CE9FA-B2F4-454E-A1AC-A39359DC28CB}.UAT|Any CPU.ActiveCfg = Release|Any CPU
		{2F5CE9FA-B2F4-454E-A1AC-A39359DC28CB}.UAT|Any CPU.Build.0 = Release|Any CPU
	EndGlobalSection
	GlobalSection(SolutionProperties) = preSolution
		HideSolutionNode = FALSE
	EndGlobalSection
EndGlobal
